
Microsoft Visual Studio Solution File, Format Version 12.00
# Visual Studio Version 17
VisualStudioVersion = 17.11.35327.3
MinimumVisualStudioVersion = 10.0.40219.1
Project("{8BC9CEB8-8B4A-11D0-8D11-00A0C91BC942}") = "client", "client\client.vcxproj", "{DCB7D02C-5EBA-404E-9A02-03A4606EDA47}"
EndProject
Project("{8BC9CEB8-8B4A-11D0-8D11-00A0C91BC942}") = "server", "server\server.vcxproj", "{75DBB1A8-6B2D-4AF4-A02E-2B77A40AA900}"
EndProject
Global
	GlobalSection(SolutionConfigurationPlatforms) = preSolution
		Debug|x64 = Debug|x64
		Debug|x86 = Debug|x86
		Release|x64 = Release|x64
		Release|x86 = Release|x86
	EndGlobalSection
	GlobalSection(ProjectConfigurationPlatforms) = postSolution
		{DCB7D02C-5EBA-404E-9A02-03A4606EDA47}.Debug|x64.ActiveCfg = Debug|x64
		{DCB7D02C-5EBA-404E-9A02-03A4606EDA47}.Debug|x64.Build.0 = Debug|x64
		{DCB7D02C-5EBA-404E-9A02-03A4606EDA47}.Debug|x86.ActiveCfg = Debug|Win32
		{DCB7D02C-5EBA-404E-9A02-03A4606EDA47}.Debug|x86.Build.0 = Debug|Win32
		{DCB7D02C-5EBA-404E-9A02-03A4606EDA47}.Release|x64.ActiveCfg = Release|x64
		{DCB7D02C-5EBA-404E-9A02-03A4606EDA47}.Release|x64.Build.0 = Release|x64
		{DCB7D02C-5EBA-404E-9A02-03A4606EDA47}.Release|x86.ActiveCfg = Release|Win32
		{DCB7D02C-5EBA-404E-9A02-03A4606EDA47}.Release|x86.Build.0 = Release|Win32
		{75DBB1A8-6B2D-4AF4-A02E-2B77A40AA900}.Debug|x64.ActiveCfg = Debug|x64
		{75DBB1A8-6B2D-4AF4-A02E-2B77A40AA900}.Debug|x64.Build.0 = Debug|x64
		{75DBB1A8-6B2D-4AF4-A02E-2B77A40AA900}.Debug|x86.ActiveCfg = Debug|Win32
		{75DBB1A8-6B2D-4AF4-A02E-2B77A40AA900}.Debug|x86.Build.0 = Debug|Win32
		{75DBB1A8-6B2D-4AF4-A02E-2B77A40AA900}.Release|x64.ActiveCfg = Release|x64
		{75DBB1A8-6B2D-4AF4-A02E-2B77A40AA900}.Release|x64.Build.0 = Release|x64
		{75DBB1A8-6B2D-4AF4-A02E-2B77A40AA900}.Release|x86.ActiveCfg = Release|Win32
		{75DBB1A8-6B2D-4AF4-A02E-2B77A40AA900}.Release|x86.Build.0 = Release|Win32
	EndGlobalSection
	GlobalSection(SolutionProperties) = preSolution
		HideSolutionNode = FALSE
	EndGlobalSection
	GlobalSection(ExtensibilityGlobals) = postSolution
		SolutionGuid = {A947F0F9-A3D4-4631-824E-5483E7F742A4}
	EndGlobalSection
EndGlobal
